
Microsoft Visual Studio Solution File, Format Version 12.00
# Visual Studio Version 16
VisualStudioVersion = 16.0.30011.22
MinimumVisualStudioVersion = 10.0.40219.1
Project("{FAE04EC0-301F-11D3-BF4B-00C04F79EFBC}") = "UI", "Residica\UI.csproj", "{08C5740F-090D-47A6-8374-2BB2F4959502}"
EndProject
Project("{FAE04EC0-301F-11D3-BF4B-00C04F79EFBC}") = "DAL", "DAL\DAL.csproj", "{80158237-3C12-4C28-AE17-9DE11F2754C8}"
EndProject
Project("{FAE04EC0-301F-11D3-BF4B-00C04F79EFBC}") = "BLL", "BLL\BLL.csproj", "{4CDD57E5-D2E4-49FF-B83C-35D3C820462C}"
EndProject
Project("{FAE04EC0-301F-11D3-BF4B-00C04F79EFBC}") = "Dominio", "Dominio\Dominio.csproj", "{141A57B1-A6DB-40AB-9AB8-0DFEB268DB7B}"
EndProject
Project("{FAE04EC0-301F-11D3-BF4B-00C04F79EFBC}") = "Servicios", "Servicios\Servicios.csproj", "{D8476E04-27CE-4598-A841-63F9FD74E2D3}"
EndProject
Global
	GlobalSection(SolutionConfigurationPlatforms) = preSolution
		Debug|Any CPU = Debug|Any CPU
		Release|Any CPU = Release|Any CPU
	EndGlobalSection
	GlobalSection(ProjectConfigurationPlatforms) = postSolution
		{08C5740F-090D-47A6-8374-2BB2F4959502}.Debug|Any CPU.ActiveCfg = Debug|Any CPU
		{08C5740F-090D-47A6-8374-2BB2F4959502}.Debug|Any CPU.Build.0 = Debug|Any CPU
		{08C5740F-090D-47A6-8374-2BB2F4959502}.Release|Any CPU.ActiveCfg = Release|Any CPU
		{08C5740F-090D-47A6-8374-2BB2F4959502}.Release|Any CPU.Build.0 = Release|Any CPU
		{80158237-3C12-4C28-AE17-9DE11F2754C8}.Debug|Any CPU.ActiveCfg = Debug|Any CPU
		{80158237-3C12-4C28-AE17-9DE11F2754C8}.Debug|Any CPU.Build.0 = Debug|Any CPU
		{80158237-3C12-4C28-AE17-9DE11F2754C8}.Release|Any CPU.ActiveCfg = Release|Any CPU
		{80158237-3C12-4C28-AE17-9DE11F2754C8}.Release|Any CPU.Build.0 = Release|Any CPU
		{4CDD57E5-D2E4-49FF-B83C-35D3C820462C}.Debug|Any CPU.ActiveCfg = Debug|Any CPU
		{4CDD57E5-D2E4-49FF-B83C-35D3C820462C}.Debug|Any CPU.Build.0 = Debug|Any CPU
		{4CDD57E5-D2E4-49FF-B83C-35D3C820462C}.Release|Any CPU.ActiveCfg = Release|Any CPU
		{4CDD57E5-D2E4-49FF-B83C-35D3C820462C}.Release|Any CPU.Build.0 = Release|Any CPU
		{141A57B1-A6DB-40AB-9AB8-0DFEB268DB7B}.Debug|Any CPU.ActiveCfg = Debug|Any CPU
		{141A57B1-A6DB-40AB-9AB8-0DFEB268DB7B}.Debug|Any CPU.Build.0 = Debug|Any CPU
		{141A57B1-A6DB-40AB-9AB8-0DFEB268DB7B}.Release|Any CPU.ActiveCfg = Release|Any CPU
		{141A57B1-A6DB-40AB-9AB8-0DFEB268DB7B}.Release|Any CPU.Build.0 = Release|Any CPU
		{D8476E04-27CE-4598-A841-63F9FD74E2D3}.Debug|Any CPU.ActiveCfg = Debug|Any CPU
		{D8476E04-27CE-4598-A841-63F9FD74E2D3}.Debug|Any CPU.Build.0 = Debug|Any CPU
		{D8476E04-27CE-4598-A841-63F9FD74E2D3}.Release|Any CPU.ActiveCfg = Release|Any CPU
		{D8476E04-27CE-4598-A841-63F9FD74E2D3}.Release|Any CPU.Build.0 = Release|Any CPU
	EndGlobalSection
	GlobalSection(SolutionProperties) = preSolution
		HideSolutionNode = FALSE
	EndGlobalSection
	GlobalSection(ExtensibilityGlobals) = postSolution
		EnterpriseLibraryConfigurationToolBinariesPathV6 = packages\EnterpriseLibrary.Common.6.0.1304.0\lib\NET45;packages\EnterpriseLibrary.Data.6.0.1304.0\lib\NET45
		SolutionGuid = {58D47AE8-142B-4233-A984-AA087BEDFD17}
	EndGlobalSection
EndGlobal
